
Microsoft Visual Studio Solution File, Format Version 12.00
# Visual Studio Version 17
VisualStudioVersion = 17.4.33205.214
MinimumVisualStudioVersion = 10.0.40219.1
Project("{9A19103F-16F7-4668-BE54-9A1E7A4F7556}") = "TTT.WebAPI", "..\TTT.WebAPI\TTT.WebAPI.csproj", "{625525C2-5BE5-4E20-93F1-76B711A549BE}"
EndProject
Project("{9A19103F-16F7-4668-BE54-9A1E7A4F7556}") = "TTT.Data", "..\TTT.Data\TTT.Data.csproj", "{C9005671-01CB-4490-87A5-6F3E0436D93A}"
EndProject
Project("{FAE04EC0-301F-11D3-BF4B-00C04F79EFBC}") = "TTT.Domain", "TTT.Domain\TTT.Domain.csproj", "{1D5ED425-3411-445A-B6F4-97BCD580D222}"
EndProject
Global
	GlobalSection(SolutionConfigurationPlatforms) = preSolution
		Debug|Any CPU = Debug|Any CPU
		Release|Any CPU = Release|Any CPU
	EndGlobalSection
	GlobalSection(ProjectConfigurationPlatforms) = postSolution
		{625525C2-5BE5-4E20-93F1-76B711A549BE}.Debug|Any CPU.ActiveCfg = Debug|Any CPU
		{625525C2-5BE5-4E20-93F1-76B711A549BE}.Debug|Any CPU.Build.0 = Debug|Any CPU
		{625525C2-5BE5-4E20-93F1-76B711A549BE}.Release|Any CPU.ActiveCfg = Release|Any CPU
		{625525C2-5BE5-4E20-93F1-76B711A549BE}.Release|Any CPU.Build.0 = Release|Any CPU
		{C9005671-01CB-4490-87A5-6F3E0436D93A}.Debug|Any CPU.ActiveCfg = Debug|Any CPU
		{C9005671-01CB-4490-87A5-6F3E0436D93A}.Debug|Any CPU.Build.0 = Debug|Any CPU
		{C9005671-01CB-4490-87A5-6F3E0436D93A}.Release|Any CPU.ActiveCfg = Release|Any CPU
		{C9005671-01CB-4490-87A5-6F3E0436D93A}.Release|Any CPU.Build.0 = Release|Any CPU
		{1D5ED425-3411-445A-B6F4-97BCD580D222}.Debug|Any CPU.ActiveCfg = Debug|Any CPU
		{1D5ED425-3411-445A-B6F4-97BCD580D222}.Debug|Any CPU.Build.0 = Debug|Any CPU
		{1D5ED425-3411-445A-B6F4-97BCD580D222}.Release|Any CPU.ActiveCfg = Release|Any CPU
		{1D5ED425-3411-445A-B6F4-97BCD580D222}.Release|Any CPU.Build.0 = Release|Any CPU
	EndGlobalSection
	GlobalSection(SolutionProperties) = preSolution
		HideSolutionNode = FALSE
	EndGlobalSection
	GlobalSection(ExtensibilityGlobals) = postSolution
		SolutionGuid = {254646B5-25E5-4A01-A681-BB54F24A682E}
	EndGlobalSection
EndGlobal
